
Microsoft Visual Studio Solution File, Format Version 12.00
# Visual Studio Version 16
VisualStudioVersion = 16.0.32413.511
MinimumVisualStudioVersion = 10.0.40219.1
Project("{FAE04EC0-301F-11D3-BF4B-00C04F79EFBC}") = "StateMachine", "StateMachine.csproj", "{D3FA05A2-A4A8-456C-83FD-B7C12E77BA30}"
EndProject
Global
	GlobalSection(SolutionConfigurationPlatforms) = preSolution
		Debug|Any CPU = Debug|Any CPU
		Release|Any CPU = Release|Any CPU
	EndGlobalSection
	GlobalSection(ProjectConfigurationPlatforms) = postSolution
		{D3FA05A2-A4A8-456C-83FD-B7C12E77BA30}.Debug|Any CPU.ActiveCfg = Debug|Any CPU
		{D3FA05A2-A4A8-456C-83FD-B7C12E77BA30}.Debug|Any CPU.Build.0 = Debug|Any CPU
		{D3FA05A2-A4A8-456C-83FD-B7C12E77BA30}.Release|Any CPU.ActiveCfg = Release|Any CPU
		{D3FA05A2-A4A8-456C-83FD-B7C12E77BA30}.Release|Any CPU.Build.0 = Release|Any CPU
	EndGlobalSection
	GlobalSection(SolutionProperties) = preSolution
		HideSolutionNode = FALSE
	EndGlobalSection
	GlobalSection(ExtensibilityGlobals) = postSolution
		SolutionGuid = {9C1DCEAB-919A-47C6-B23D-5141140897EA}
	EndGlobalSection
EndGlobal
